{
  "name": "kiota-posts",
  "version": "1.0.0",
  "lockfileVersion": 3,
  "requires": true,
  "packages": {
    "": {
      "name": "kiota-posts",
      "version": "1.0.0",
      "license": "MIT",
      "dependencies": {
        "@microsoft/kiota-bundle": "^1.0.0-preview.91"
      },
      "devDependencies": {
        "@tsconfig/node20": "^20.1.4",
        "@types/node": "^22.13.10",
        "typescript": "^5.8.2"
      },
      "engines": {
        "node": ">=20"
      }
    },
    "node_modules/@microsoft/kiota-abstractions": {
      "version": "1.0.0-preview.91",
      "resolved": "https://registry.npmjs.org/@microsoft/kiota-abstractions/-/kiota-abstractions-1.0.0-preview.91.tgz",
      "integrity": "sha512-JjID/f3bv2vKM5Ahf/fwBVcnwt1AezZjiinzoIibVx2Ki4CQwyaEf5PSSxrOazhRR9UWbdv4h8kc355zxsxxZg==",
      "license": "MIT",
      "dependencies": {
        "@opentelemetry/api": "^1.7.0",
        "@std-uritemplate/std-uritemplate": "^2.0.0",
        "tinyduration": "^3.3.0",
        "tslib": "^2.6.2"
      }
    },
    "node_modules/@microsoft/kiota-bundle": {
      "version": "1.0.0-preview.91",
      "resolved": "https://registry.npmjs.org/@microsoft/kiota-bundle/-/kiota-bundle-1.0.0-preview.91.tgz",
      "integrity": "sha512-gc0UnL+fkyp4oNtqLXCjM0QYngwFMIeA5r/VY7RQ1B2o02T7CheoP/C9KQnv50FYJPibMauSaWKCNgbV1vxWLA==",
      "license": "MIT",
      "dependencies": {
        "@microsoft/kiota-abstractions": "^1.0.0-preview.91",
        "@microsoft/kiota-http-fetchlibrary": "^1.0.0-preview.91",
        "@microsoft/kiota-serialization-form": "^1.0.0-preview.91",
        "@microsoft/kiota-serialization-json": "^1.0.0-preview.91",
        "@microsoft/kiota-serialization-multipart": "^1.0.0-preview.91",
        "@microsoft/kiota-serialization-text": "^1.0.0-preview.91"
      }
    },
    "node_modules/@microsoft/kiota-http-fetchlibrary": {
      "version": "1.0.0-preview.91",
      "resolved": "https://registry.npmjs.org/@microsoft/kiota-http-fetchlibrary/-/kiota-http-fetchlibrary-1.0.0-preview.91.tgz",
      "integrity": "sha512-BNOfth/u9FSjxl/deF5Sq3oNEbApzwUZUHv9Ub1heiVh8mYeJ+IsFAz+zChv5WO9BjUz7XbalGfK/J0o2pCTRg==",
      "license": "MIT",
      "dependencies": {
        "@microsoft/kiota-abstractions": "^1.0.0-preview.91",
        "@opentelemetry/api": "^1.7.0",
        "tslib": "^2.6.2"
      }
    },
    "node_modules/@microsoft/kiota-serialization-form": {
      "version": "1.0.0-preview.91",
      "resolved": "https://registry.npmjs.org/@microsoft/kiota-serialization-form/-/kiota-serialization-form-1.0.0-preview.91.tgz",
      "integrity": "sha512-oUKtwa2QhrrV+KE+tWJ5luJzPY2j5Mbnxiiu7hYXfIgPXm0vHiSwL1GUWQOMjvI/Q6ikivRxCKLhRDJAB+wWdw==",
      "license": "MIT",
      "dependencies": {
        "@microsoft/kiota-abstractions": "^1.0.0-preview.91",
        "tslib": "^2.6.2"
      }
    },
    "node_modules/@microsoft/kiota-serialization-json": {
      "version": "1.0.0-preview.91",
      "resolved": "https://registry.npmjs.org/@microsoft/kiota-serialization-json/-/kiota-serialization-json-1.0.0-preview.91.tgz",
      "integrity": "sha512-wzQb32GF0poPMwpK2ksh2PZM2GJp9S9sEcxv9+ZdkVhiDoDX5W9z2ZAgDSxMgRM/xrOG4dNEJnECeUFWxfpdZA==",
      "license": "MIT",
      "dependencies": {
        "@microsoft/kiota-abstractions": "^1.0.0-preview.91",
        "tslib": "^2.6.2"
      }
    },
    "node_modules/@microsoft/kiota-serialization-multipart": {
      "version": "1.0.0-preview.91",
      "resolved": "https://registry.npmjs.org/@microsoft/kiota-serialization-multipart/-/kiota-serialization-multipart-1.0.0-preview.91.tgz",
      "integrity": "sha512-PwOSYwAyPrvEQtWGwXKECVDQQLWfPEWWuSE8ekfKj9HRhCyekyZ8mboyuBIjsPsdZ/4jVQz057CKARor5tmMtQ==",
      "license": "MIT",
      "dependencies": {
        "@microsoft/kiota-abstractions": "^1.0.0-preview.91",
        "tslib": "^2.6.2"
      }
    },
    "node_modules/@microsoft/kiota-serialization-text": {
      "version": "1.0.0-preview.91",
      "resolved": "https://registry.npmjs.org/@microsoft/kiota-serialization-text/-/kiota-serialization-text-1.0.0-preview.91.tgz",
      "integrity": "sha512-sb0c+DYrtP+qgSJwLcIJHvOB/HEu1NBZmld4MbgmeVhtnrGnNVRF/BfQqiGtUPWsEwkRI0gLRzX3hj4CDz3+PQ==",
      "license": "MIT",
      "dependencies": {
        "@microsoft/kiota-abstractions": "^1.0.0-preview.91",
        "tslib": "^2.6.2"
      }
    },
    "node_modules/@opentelemetry/api": {
      "version": "1.9.0",
      "resolved": "https://registry.npmjs.org/@opentelemetry/api/-/api-1.9.0.tgz",
      "integrity": "sha512-3giAOQvZiH5F9bMlMiv8+GSPMeqg0dbaeo58/0SlA9sxSqZhnUtxzX9/2FzyhS9sWQf5S0GJE0AKBrFqjpeYcg==",
      "license": "Apache-2.0",
      "engines": {
        "node": ">=8.0.0"
      }
    },
    "node_modules/@std-uritemplate/std-uritemplate": {
      "version": "2.0.3",
      "resolved": "https://registry.npmjs.org/@std-uritemplate/std-uritemplate/-/std-uritemplate-2.0.3.tgz",
      "integrity": "sha512-oN5BHB81TMdasLZLkcdmVDFajo3CxrdeYWFKbeVw1MVZcd4jWZX6cbxm0Iq91wt/o2zsJjmefUaYrLInvZ3/DQ==",
      "license": "Apache-2.0"
    },
    "node_modules/@tsconfig/node20": {
      "version": "20.1.4",
      "resolved": "https://registry.npmjs.org/@tsconfig/node20/-/node20-20.1.4.tgz",
      "integrity": "sha512-sqgsT69YFeLWf5NtJ4Xq/xAF8p4ZQHlmGW74Nu2tD4+g5fAsposc4ZfaaPixVu4y01BEiDCWLRDCvDM5JOsRxg==",
      "dev": true,
      "license": "MIT"
    },
    "node_modules/@types/node": {
      "version": "22.13.10",
      "resolved": "https://registry.npmjs.org/@types/node/-/node-22.13.10.tgz",
      "integrity": "sha512-I6LPUvlRH+O6VRUqYOcMudhaIdUVWfsjnZavnsraHvpBwaEyMN29ry+0UVJhImYL16xsscu0aske3yA+uPOWfw==",
      "dev": true,
      "license": "MIT",
      "dependencies": {
        "undici-types": "~6.20.0"
      }
    },
    "node_modules/tinyduration": {
      "version": "3.4.1",
      "resolved": "https://registry.npmjs.org/tinyduration/-/tinyduration-3.4.1.tgz",
      "integrity": "sha512-NemFoamVYn7TmtwZKZ3OiliM9fZkr6EWiTM+wKknco6POSy2gS689xx/pXip0JYp40HXpUw6k65CUYHWYUXdaA==",
      "license": "MIT"
    },
    "node_modules/tslib": {
      "version": "2.8.1",
      "resolved": "https://registry.npmjs.org/tslib/-/tslib-2.8.1.tgz",
      "integrity": "sha512-oJFu94HQb+KVduSUQL7wnpmqnfmLsOA/nAh6b6EH0wCEoK0/mPeXU6c3wKDV83MkOuHPRHtSXKKU99IBazS/2w==",
      "license": "0BSD"
    },
    "node_modules/typescript": {
      "version": "5.8.2",
      "resolved": "https://registry.npmjs.org/typescript/-/typescript-5.8.2.tgz",
      "integrity": "sha512-aJn6wq13/afZp/jT9QZmwEjDqqvSGp1VT5GVg+f/t6/oVyrgXM6BY1h9BRh/O5p3PlUPAe+WuiEZOmb/49RqoQ==",
      "dev": true,
      "license": "Apache-2.0",
      "bin": {
        "tsc": "bin/tsc",
        "tsserver": "bin/tsserver"
      },
      "engines": {
        "node": ">=14.17"
      }
    },
    "node_modules/undici-types": {
      "version": "6.20.0",
      "resolved": "https://registry.npmjs.org/undici-types/-/undici-types-6.20.0.tgz",
      "integrity": "sha512-Ny6QZ2Nju20vw1SRHe3d9jVu6gJ+4e3+MMpqu7pqE5HT6WsTSlce++GQmK5UXS8mzV8DSYHrQH+Xrf2jVcuKNg==",
      "dev": true,
      "license": "MIT"
    }
  }
}
