{
  "name": "kiota-posts",
  "version": "1.0.0",
  "lockfileVersion": 3,
  "requires": true,
  "packages": {
    "": {
      "name": "kiota-posts",
      "version": "1.0.0",
      "license": "MIT",
      "dependencies": {
        "@microsoft/kiota-bundle": "^1.0.0-preview.100"
      },
      "devDependencies": {
        "@types/node": "^25.6.2",
        "typescript": "^6.0.3"
      },
      "engines": {
        "node": ">=20"
      }
    },
    "node_modules/@microsoft/kiota-abstractions": {
      "version": "1.0.0-preview.100",
      "resolved": "https://registry.npmjs.org/@microsoft/kiota-abstractions/-/kiota-abstractions-1.0.0-preview.100.tgz",
      "integrity": "sha512-3s2WYKQ6WLB/0pyDmmv9bigH/3LZ0Mm4ldHskNLBj0U8DYjFzfG729snnEij+hZN0l2XHr37pGBr1MZK8vM7zQ==",
      "license": "MIT",
      "dependencies": {
        "@opentelemetry/api": "^1.7.0",
        "@std-uritemplate/std-uritemplate": "^2.0.0",
        "tinyduration": "^3.3.0",
        "tslib": "^2.6.2"
      }
    },
    "node_modules/@microsoft/kiota-bundle": {
      "version": "1.0.0-preview.100",
      "resolved": "https://registry.npmjs.org/@microsoft/kiota-bundle/-/kiota-bundle-1.0.0-preview.100.tgz",
      "integrity": "sha512-ejYzO9Fku/d5IyYYegdQbMQy9cJd8O9HT8TIUA3Ty/39bzNrGG5b6MltKwqr134jTbfMjraaRmh9wD8p246lhA==",
      "license": "MIT",
      "dependencies": {
        "@microsoft/kiota-abstractions": "^1.0.0-preview.100",
        "@microsoft/kiota-http-fetchlibrary": "^1.0.0-preview.100",
        "@microsoft/kiota-serialization-form": "^1.0.0-preview.100",
        "@microsoft/kiota-serialization-json": "^1.0.0-preview.100",
        "@microsoft/kiota-serialization-multipart": "^1.0.0-preview.100",
        "@microsoft/kiota-serialization-text": "^1.0.0-preview.100"
      }
    },
    "node_modules/@microsoft/kiota-http-fetchlibrary": {
      "version": "1.0.0-preview.100",
      "resolved": "https://registry.npmjs.org/@microsoft/kiota-http-fetchlibrary/-/kiota-http-fetchlibrary-1.0.0-preview.100.tgz",
      "integrity": "sha512-uS2rhKKjbYiT8JWG8GGVOALB+s4HdDc9hg5tTZMVf3qY5b/us1OKLQ6WgW6USq/kZAuKKWkIq/BQgPCWbHtFTQ==",
      "license": "MIT",
      "dependencies": {
        "@microsoft/kiota-abstractions": "^1.0.0-preview.100",
        "@opentelemetry/api": "^1.7.0",
        "tslib": "^2.6.2"
      }
    },
    "node_modules/@microsoft/kiota-serialization-form": {
      "version": "1.0.0-preview.100",
      "resolved": "https://registry.npmjs.org/@microsoft/kiota-serialization-form/-/kiota-serialization-form-1.0.0-preview.100.tgz",
      "integrity": "sha512-SR/yWBtvKYhN2ARR4wVMFb91XgN32DBmLLQmtemdKgL1YWBxVCNAUP/qHbZhrTX7q4kh7jl/S9yrr1S8ySS7AA==",
      "license": "MIT",
      "dependencies": {
        "@microsoft/kiota-abstractions": "^1.0.0-preview.100",
        "tslib": "^2.6.2"
      }
    },
    "node_modules/@microsoft/kiota-serialization-json": {
      "version": "1.0.0-preview.100",
      "resolved": "https://registry.npmjs.org/@microsoft/kiota-serialization-json/-/kiota-serialization-json-1.0.0-preview.100.tgz",
      "integrity": "sha512-4qatf5j0Aeaakdw24jMuIX7W6mf/W2rU9UyAjkIrSjaB7W5n8gsUvhoTcRpPTAFN7pvzQkCbO7Z0paRfdYzhIw==",
      "license": "MIT",
      "dependencies": {
        "@microsoft/kiota-abstractions": "^1.0.0-preview.100",
        "tslib": "^2.6.2"
      }
    },
    "node_modules/@microsoft/kiota-serialization-multipart": {
      "version": "1.0.0-preview.100",
      "resolved": "https://registry.npmjs.org/@microsoft/kiota-serialization-multipart/-/kiota-serialization-multipart-1.0.0-preview.100.tgz",
      "integrity": "sha512-zwWoLZH6+KsAl05Ijd8HpbU+mct5wb0//ZCGdCkQ/UqsAaoe2xYSoKicxQbVGv9VvSTq0as7iVLwqDeqEI9rDw==",
      "license": "MIT",
      "dependencies": {
        "@microsoft/kiota-abstractions": "^1.0.0-preview.100",
        "tslib": "^2.6.2"
      }
    },
    "node_modules/@microsoft/kiota-serialization-text": {
      "version": "1.0.0-preview.100",
      "resolved": "https://registry.npmjs.org/@microsoft/kiota-serialization-text/-/kiota-serialization-text-1.0.0-preview.100.tgz",
      "integrity": "sha512-x2Epz0StHLBkVJKeEmwrXSh6SJuxZ72VVBNO53uHUNZ/Y7X8tZuSQR7X74EO69mEi4zAF21X2jbkF9/dhlARog==",
      "license": "MIT",
      "dependencies": {
        "@microsoft/kiota-abstractions": "^1.0.0-preview.100",
        "tslib": "^2.6.2"
      }
    },
    "node_modules/@opentelemetry/api": {
      "version": "1.9.0",
      "resolved": "https://registry.npmjs.org/@opentelemetry/api/-/api-1.9.0.tgz",
      "integrity": "sha512-3giAOQvZiH5F9bMlMiv8+GSPMeqg0dbaeo58/0SlA9sxSqZhnUtxzX9/2FzyhS9sWQf5S0GJE0AKBrFqjpeYcg==",
      "license": "Apache-2.0",
      "engines": {
        "node": ">=8.0.0"
      }
    },
    "node_modules/@std-uritemplate/std-uritemplate": {
      "version": "2.0.8",
      "resolved": "https://registry.npmjs.org/@std-uritemplate/std-uritemplate/-/std-uritemplate-2.0.8.tgz",
      "integrity": "sha512-8oj7jKksoTRxjdPkWKX9FyOKDS8ORBm+ZfTSHm0f3eYha8cI0O1d57gyduOIAX7Y2uUukNDNlxlvGb+FFkE7yQ==",
      "license": "Apache-2.0"
    },
    "node_modules/@types/node": {
      "version": "25.6.2",
      "resolved": "https://registry.npmjs.org/@types/node/-/node-25.6.2.tgz",
      "integrity": "sha512-sokuT28dxf9JT5Kady1fsXOvI4HVpjZa95NKT5y9PNTIrs2AsobR4GFAA90ZG8M+nxVRLysCXsVj6eGC7Vbrlw==",
      "dev": true,
      "license": "MIT",
      "dependencies": {
        "undici-types": "~7.19.0"
      }
    },
    "node_modules/tinyduration": {
      "version": "3.4.1",
      "resolved": "https://registry.npmjs.org/tinyduration/-/tinyduration-3.4.1.tgz",
      "integrity": "sha512-NemFoamVYn7TmtwZKZ3OiliM9fZkr6EWiTM+wKknco6POSy2gS689xx/pXip0JYp40HXpUw6k65CUYHWYUXdaA==",
      "license": "MIT"
    },
    "node_modules/tslib": {
      "version": "2.8.1",
      "resolved": "https://registry.npmjs.org/tslib/-/tslib-2.8.1.tgz",
      "integrity": "sha512-oJFu94HQb+KVduSUQL7wnpmqnfmLsOA/nAh6b6EH0wCEoK0/mPeXU6c3wKDV83MkOuHPRHtSXKKU99IBazS/2w==",
      "license": "0BSD"
    },
    "node_modules/typescript": {
      "version": "6.0.3",
      "resolved": "https://registry.npmjs.org/typescript/-/typescript-6.0.3.tgz",
      "integrity": "sha512-y2TvuxSZPDyQakkFRPZHKFm+KKVqIisdg9/CZwm9ftvKXLP8NRWj38/ODjNbr43SsoXqNuAisEf1GdCxqWcdBw==",
      "dev": true,
      "license": "Apache-2.0",
      "bin": {
        "tsc": "bin/tsc",
        "tsserver": "bin/tsserver"
      },
      "engines": {
        "node": ">=14.17"
      }
    },
    "node_modules/undici-types": {
      "version": "7.19.2",
      "resolved": "https://registry.npmjs.org/undici-types/-/undici-types-7.19.2.tgz",
      "integrity": "sha512-qYVnV5OEm2AW8cJMCpdV20CDyaN3g0AjDlOGf1OW4iaDEx8MwdtChUp4zu4H0VP3nDRF/8RKWH+IPp9uW0YGZg==",
      "dev": true,
      "license": "MIT"
    }
  }
}
