{
  "name": "kiota-posts",
  "version": "1.0.0",
  "lockfileVersion": 3,
  "requires": true,
  "packages": {
    "": {
      "name": "kiota-posts",
      "version": "1.0.0",
      "license": "MIT",
      "dependencies": {
        "@microsoft/kiota-bundle": "^1.0.0-preview.102"
      },
      "devDependencies": {
        "@types/node": "^25.9.1",
        "typescript": "^6.0.3"
      },
      "engines": {
        "node": ">=20"
      }
    },
    "node_modules/@microsoft/kiota-abstractions": {
      "version": "1.0.0-preview.102",
      "resolved": "https://registry.npmjs.org/@microsoft/kiota-abstractions/-/kiota-abstractions-1.0.0-preview.102.tgz",
      "integrity": "sha512-WL+S7X+W6zpDO6vFk+FClb5hoUJMV1ZcMHo1H52r2Q49xTuYx9esJqmwh/0EXsftmxKwOOIOoPfO7+Tp5QAddw==",
      "license": "MIT",
      "dependencies": {
        "@opentelemetry/api": "^1.7.0",
        "@std-uritemplate/std-uritemplate": "^2.0.0",
        "tinyduration": "^3.3.0",
        "tslib": "^2.6.2"
      }
    },
    "node_modules/@microsoft/kiota-bundle": {
      "version": "1.0.0-preview.102",
      "resolved": "https://registry.npmjs.org/@microsoft/kiota-bundle/-/kiota-bundle-1.0.0-preview.102.tgz",
      "integrity": "sha512-9Y8lTN6Az9Os+TbSyMxkOOMVObtslHrz5C2ohYmZ0dvbINpJskPu2K3StT6PgF0WTCVpyoxlCCYJUSoXdG4/HA==",
      "license": "MIT",
      "dependencies": {
        "@microsoft/kiota-abstractions": "^1.0.0-preview.102",
        "@microsoft/kiota-http-fetchlibrary": "^1.0.0-preview.102",
        "@microsoft/kiota-serialization-form": "^1.0.0-preview.102",
        "@microsoft/kiota-serialization-json": "^1.0.0-preview.102",
        "@microsoft/kiota-serialization-multipart": "^1.0.0-preview.102",
        "@microsoft/kiota-serialization-text": "^1.0.0-preview.102"
      }
    },
    "node_modules/@microsoft/kiota-http-fetchlibrary": {
      "version": "1.0.0-preview.102",
      "resolved": "https://registry.npmjs.org/@microsoft/kiota-http-fetchlibrary/-/kiota-http-fetchlibrary-1.0.0-preview.102.tgz",
      "integrity": "sha512-oXfrPOWkIR2/Gs700n00EY3VDc+Qgz6y7ZiA/f8FHJsnwSjZ017xcWFw2PLzJItczVsad0pq/N5DYnoF6Co11Q==",
      "license": "MIT",
      "dependencies": {
        "@microsoft/kiota-abstractions": "^1.0.0-preview.102",
        "@opentelemetry/api": "^1.7.0",
        "tslib": "^2.6.2"
      }
    },
    "node_modules/@microsoft/kiota-serialization-form": {
      "version": "1.0.0-preview.102",
      "resolved": "https://registry.npmjs.org/@microsoft/kiota-serialization-form/-/kiota-serialization-form-1.0.0-preview.102.tgz",
      "integrity": "sha512-1w70XAA/F4RgbyNbRAaZCjLAOiKQjdiQDYlNZC9x8g7xgd7tNqYqowt/auQS1A9SZOrT626q6+Gr2xKKyW3wOg==",
      "license": "MIT",
      "dependencies": {
        "@microsoft/kiota-abstractions": "^1.0.0-preview.102",
        "tslib": "^2.6.2"
      }
    },
    "node_modules/@microsoft/kiota-serialization-json": {
      "version": "1.0.0-preview.102",
      "resolved": "https://registry.npmjs.org/@microsoft/kiota-serialization-json/-/kiota-serialization-json-1.0.0-preview.102.tgz",
      "integrity": "sha512-YpIt5pXNX13ND736oJFf0wBYPAafCv+CAE17Fa1HcS1drCdXx8ELPQ5GxGDbQG7J5LIMDgUtBOUmf5R/FrMQ6A==",
      "license": "MIT",
      "dependencies": {
        "@microsoft/kiota-abstractions": "^1.0.0-preview.102",
        "tslib": "^2.6.2"
      }
    },
    "node_modules/@microsoft/kiota-serialization-multipart": {
      "version": "1.0.0-preview.102",
      "resolved": "https://registry.npmjs.org/@microsoft/kiota-serialization-multipart/-/kiota-serialization-multipart-1.0.0-preview.102.tgz",
      "integrity": "sha512-tjwt0m+8+OqZizZU6gBARTcA8suPYS0onD9IUbhKsvRrAJpBIyp07hnyOTXBgE+gurGGbeT3TTl9AUK2ic6DiA==",
      "license": "MIT",
      "dependencies": {
        "@microsoft/kiota-abstractions": "^1.0.0-preview.102",
        "tslib": "^2.6.2"
      }
    },
    "node_modules/@microsoft/kiota-serialization-text": {
      "version": "1.0.0-preview.102",
      "resolved": "https://registry.npmjs.org/@microsoft/kiota-serialization-text/-/kiota-serialization-text-1.0.0-preview.102.tgz",
      "integrity": "sha512-ZCihyrXKYGfTz/frqNQvwKsD+EgjhjfclB5/XDrSGNXduisL/f1MbyvjsgmrZnLmtCwX8/v+Mc3vlz716KWYbg==",
      "license": "MIT",
      "dependencies": {
        "@microsoft/kiota-abstractions": "^1.0.0-preview.102",
        "tslib": "^2.6.2"
      }
    },
    "node_modules/@opentelemetry/api": {
      "version": "1.9.1",
      "resolved": "https://registry.npmjs.org/@opentelemetry/api/-/api-1.9.1.tgz",
      "integrity": "sha512-gLyJlPHPZYdAk1JENA9LeHejZe1Ti77/pTeFm/nMXmQH/HFZlcS/O2XJB+L8fkbrNSqhdtlvjBVjxwUYanNH5Q==",
      "license": "Apache-2.0",
      "engines": {
        "node": ">=8.0.0"
      }
    },
    "node_modules/@std-uritemplate/std-uritemplate": {
      "version": "2.0.10",
      "resolved": "https://registry.npmjs.org/@std-uritemplate/std-uritemplate/-/std-uritemplate-2.0.10.tgz",
      "integrity": "sha512-EGxlaZDK+CcvMYzxLWKgQlhNiyGIoznEi/CVnzM1DCiQQh/EwSH0ThvseXJ4g6btu1hvlUZ70SrZD6ahsglXcw==",
      "license": "Apache-2.0"
    },
    "node_modules/@types/node": {
      "version": "25.9.1",
      "resolved": "https://registry.npmjs.org/@types/node/-/node-25.9.1.tgz",
      "integrity": "sha512-xfrlY7UD5rMJk3ZVJP8BNzS28J36YJg+xp+LPXV1TdWxr8uMH5A860QNxYDGQe/ylDSgjxE52Q9VnO7p75tJxg==",
      "dev": true,
      "license": "MIT",
      "dependencies": {
        "undici-types": ">=7.24.0 <7.24.7"
      }
    },
    "node_modules/tinyduration": {
      "version": "3.4.1",
      "resolved": "https://registry.npmjs.org/tinyduration/-/tinyduration-3.4.1.tgz",
      "integrity": "sha512-NemFoamVYn7TmtwZKZ3OiliM9fZkr6EWiTM+wKknco6POSy2gS689xx/pXip0JYp40HXpUw6k65CUYHWYUXdaA==",
      "license": "MIT"
    },
    "node_modules/tslib": {
      "version": "2.8.1",
      "resolved": "https://registry.npmjs.org/tslib/-/tslib-2.8.1.tgz",
      "integrity": "sha512-oJFu94HQb+KVduSUQL7wnpmqnfmLsOA/nAh6b6EH0wCEoK0/mPeXU6c3wKDV83MkOuHPRHtSXKKU99IBazS/2w==",
      "license": "0BSD"
    },
    "node_modules/typescript": {
      "version": "6.0.3",
      "resolved": "https://registry.npmjs.org/typescript/-/typescript-6.0.3.tgz",
      "integrity": "sha512-y2TvuxSZPDyQakkFRPZHKFm+KKVqIisdg9/CZwm9ftvKXLP8NRWj38/ODjNbr43SsoXqNuAisEf1GdCxqWcdBw==",
      "dev": true,
      "license": "Apache-2.0",
      "bin": {
        "tsc": "bin/tsc",
        "tsserver": "bin/tsserver"
      },
      "engines": {
        "node": ">=14.17"
      }
    },
    "node_modules/undici-types": {
      "version": "7.24.6",
      "resolved": "https://registry.npmjs.org/undici-types/-/undici-types-7.24.6.tgz",
      "integrity": "sha512-WRNW+sJgj5OBN4/0JpHFqtqzhpbnV0GuB+OozA9gCL7a993SmU+1JBZCzLNxYsbMfIeDL+lTsphD5jN5N+n0zg==",
      "dev": true,
      "license": "MIT"
    }
  }
}
