GEM
  remote: https://rubygems.org/
  specs:
    addressable (2.9.0)
      public_suffix (>= 2.0.2, < 8.0)
    base64 (0.3.0)
    bigdecimal (4.1.2)
    crack (1.0.1)
      bigdecimal
      rexml
    diff-lcs (1.6.2)
    faraday (2.14.1)
      faraday-net_http (>= 2.0, < 3.5)
      json
      logger
    faraday-net_http (3.4.2)
      net-http (~> 0.5)
    hashdiff (1.2.1)
    hashie (5.1.0)
      logger
    iso8601 (0.13.0)
    json (2.19.5)
    jwt (3.1.2)
      base64
    logger (1.7.0)
    microsoft_kiota_abstractions (0.15.1)
      iso8601 (~> 0.13.0)
      stduritemplate (>= 0.0.39, < 1.1.0)
    microsoft_kiota_authentication_oauth (0.9.0)
      microsoft_kiota_abstractions (>= 0.14, < 0.16)
      oauth2 (~> 2.0)
    microsoft_kiota_faraday (0.16.0)
      faraday (~> 2.7, >= 2.7.2)
      microsoft_kiota_abstractions (>= 0.14, < 0.16)
    microsoft_kiota_serialization_json (0.10.0)
      json (>= 2.6.3, < 2.20.0)
      microsoft_kiota_abstractions (>= 0.14, < 0.16)
      uuidtools (>= 2.2, < 3.1)
    multi_xml (0.9.1)
      bigdecimal (>= 3.1, < 5)
    net-http (0.9.1)
      uri (>= 0.11.1)
    oauth2 (2.0.18)
      faraday (>= 0.17.3, < 4.0)
      jwt (>= 1.0, < 4.0)
      logger (~> 1.2)
      multi_xml (~> 0.5)
      rack (>= 1.2, < 4)
      snaky_hash (~> 2.0, >= 2.0.3)
      version_gem (~> 1.1, >= 1.1.9)
    public_suffix (7.0.5)
    rack (3.2.6)
    rake (13.4.2)
    rexml (3.4.4)
    rspec (3.13.2)
      rspec-core (~> 3.13.0)
      rspec-expectations (~> 3.13.0)
      rspec-mocks (~> 3.13.0)
    rspec-core (3.13.6)
      rspec-support (~> 3.13.0)
    rspec-expectations (3.13.5)
      diff-lcs (>= 1.2.0, < 2.0)
      rspec-support (~> 3.13.0)
    rspec-mocks (3.13.8)
      diff-lcs (>= 1.2.0, < 2.0)
      rspec-support (~> 3.13.0)
    rspec-support (3.13.7)
    snaky_hash (2.0.3)
      hashie (>= 0.1.0, < 6)
      version_gem (>= 1.1.8, < 3)
    stduritemplate (1.0.6)
    uri (1.1.1)
    uuidtools (3.0.0)
    version_gem (1.1.9)
    webmock (3.26.2)
      addressable (>= 2.8.0)
      crack (>= 0.3.2)
      hashdiff (>= 0.4.0, < 2.0.0)

PLATFORMS
  ruby
  x86_64-linux

DEPENDENCIES
  microsoft_kiota_abstractions
  microsoft_kiota_authentication_oauth
  microsoft_kiota_faraday
  microsoft_kiota_serialization_json
  rake
  rspec
  webmock

CHECKSUMS
  addressable (2.9.0) sha256=7fdf6ac3660f7f4e867a0838be3f6cf722ace541dd97767fa42bc6cfa980c7af
  base64 (0.3.0) sha256=27337aeabad6ffae05c265c450490628ef3ebd4b67be58257393227588f5a97b
  bigdecimal (4.1.2) sha256=53d217666027eab4280346fba98e7d5b66baaae1b9c3c1c0ffe89d48188a3fbd
  bundler (4.0.11) sha256=5bcec0fb78302e48d02ee46f10ee6e6942be647ba5b44a6d1ddfda9a240ce785
  crack (1.0.1) sha256=ff4a10390cd31d66440b7524eb1841874db86201d5b70032028553130b6d4c7e
  diff-lcs (1.6.2) sha256=9ae0d2cba7d4df3075fe8cd8602a8604993efc0dfa934cff568969efb1909962
  faraday (2.14.1) sha256=a43cceedc1e39d188f4d2cdd360a8aaa6a11da0c407052e426ba8d3fb42ef61c
  faraday-net_http (3.4.2) sha256=f147758260d3526939bf57ecf911682f94926a3666502e24c69992765875906c
  hashdiff (1.2.1) sha256=9c079dbc513dfc8833ab59c0c2d8f230fa28499cc5efb4b8dd276cf931457cd1
  hashie (5.1.0) sha256=c266471896f323c446ea8207f8ffac985d2718df0a0ba98651a3057096ca3870
  iso8601 (0.13.0) sha256=298c2b15b7be5fa95a1372813d36a2257656cd8e906dfbc1f5cb409851425aa2
  json (2.19.5) sha256=218a18553e4801d579ca7e0f5bc72bafd776d7397238a1fb4e74db5b0a812c59
  jwt (3.1.2) sha256=af6991f19a6bb4060d618d9add7a66f0eeb005ac0bc017cd01f63b42e122d535
  logger (1.7.0) sha256=196edec7cc44b66cfb40f9755ce11b392f21f7967696af15d274dde7edff0203
  microsoft_kiota_abstractions (0.15.1) sha256=2f924823a064bf14d7d5abbe1d3800c06980c115f8058e63dd1240f32b396fa8
  microsoft_kiota_authentication_oauth (0.9.0) sha256=72cec727f9b58421df301d993139c56f6957279aa8874aae9445263edfd39200
  microsoft_kiota_faraday (0.16.0) sha256=5cd59f7cc23e78e8a885b4fc1b13e1008c6af9196151466825e9566a4264bc28
  microsoft_kiota_serialization_json (0.10.0) sha256=7a42a76c5d2edad5602f7dab5c467a07ec91319e9ea1073425b568a3126048dd
  multi_xml (0.9.1) sha256=7ce766b59c17241ed62976caeae1fae9b2431b263398c35396239a68c4a64e57
  net-http (0.9.1) sha256=25ba0b67c63e89df626ed8fac771d0ad24ad151a858af2cc8e6a716ca4336996
  oauth2 (2.0.18) sha256=bacf11e470dfb963f17348666d0a75c7b29ca65bc48fd47be9057cf91a403287
  public_suffix (7.0.5) sha256=1a8bb08f1bbea19228d3bed6e5ed908d1cb4f7c2726d18bd9cadf60bc676f623
  rack (3.2.6) sha256=5ed78e1f73b2e25679bec7d45ee2d4483cc4146eb1be0264fc4d94cb5ef212c2
  rake (13.4.2) sha256=cb825b2bd5f1f8e91ca37bddb4b9aaf345551b4731da62949be002fa89283701
  rexml (3.4.4) sha256=19e0a2c3425dfbf2d4fc1189747bdb2f849b6c5e74180401b15734bc97b5d142
  rspec (3.13.2) sha256=206284a08ad798e61f86d7ca3e376718d52c0bc944626b2349266f239f820587
  rspec-core (3.13.6) sha256=a8823c6411667b60a8bca135364351dda34cd55e44ff94c4be4633b37d828b2d
  rspec-expectations (3.13.5) sha256=33a4d3a1d95060aea4c94e9f237030a8f9eae5615e9bd85718fe3a09e4b58836
  rspec-mocks (3.13.8) sha256=086ad3d3d17533f4237643de0b5c42f04b66348c28bf6b9c2d3f4a3b01af1d47
  rspec-support (3.13.7) sha256=0640e5570872aafefd79867901deeeeb40b0c9875a36b983d85f54fb7381c47c
  snaky_hash (2.0.3) sha256=25a3d299566e8153fb02fa23fd9a9358845950f7a523ddbbe1fa1e0d79a6d456
  stduritemplate (1.0.6) sha256=38072a141a282ea4119c33a4d726c71264121de3e96e59c76de38a660042eb2f
  uri (1.1.1) sha256=379fa58d27ffb1387eaada68c749d1426738bd0f654d812fcc07e7568f5c57c6
  uuidtools (3.0.0) sha256=47a3d4d20e728f522c675be8bc4e001252db39864c97deb194dc543b153a4be8
  version_gem (1.1.9) sha256=0c1a0962ae543c84a00889bb018d9f14d8f8af6029d26b295d98774e3d2eb9a4
  webmock (3.26.2) sha256=774556f2ea6371846cca68c01769b2eac0d134492d21f6d0ab5dd643965a4c90

BUNDLED WITH
  4.0.11
